{
  "requires": true,
  "lockfileVersion": 1,
  "dependencies": {
    "dom7": {
      "version": "2.1.2",
      "resolved": "http://registry.npm.taobao.org/dom7/download/dom7-2.1.2.tgz",
      "integrity": "sha1-qRQHDAq+hGU4SZepxPNEdfZ/db0=",
      "requires": {
        "ssr-window": "^1.0.1"
      }
    },
    "ssr-window": {
      "version": "1.0.1",
      "resolved": "http://registry.npm.taobao.org/ssr-window/download/ssr-window-1.0.1.tgz",
      "integrity": "sha1-MHUqakZm53Z/C35qpvwv29DZs2k="
    },
    "swiper": {
      "version": "4.4.6",
      "resolved": "http://registry.npm.taobao.org/swiper/download/swiper-4.4.6.tgz",
      "integrity": "sha1-DfqdZuOYEcc+lupVzqYQR6QJFmc=",
      "requires": {
        "dom7": "^2.1.2",
        "ssr-window": "^1.0.1"
      }
    }
  }
}
